{
    "_readme": [
        "This file locks the dependencies of your project to a known state",
        "Read more about it at https://getcomposer.org/doc/01-basic-usage.md#installing-dependencies",
        "This file is @generated automatically"
    ],
    "content-hash": "375805fba910fb03624d5175de67c44c",
    "packages": [
        {
            "name": "automattic/jetpack-constants",
            "version": "v1.6.23",
            "source": {
                "type": "git",
                "url": "https://github.com/Automattic/jetpack-constants.git",
                "reference": "0825fb1fa94956f26adebc01be0d716a0fd3ade0"
            },
            "dist": {
                "type": "zip",
                "url": "https://api.github.com/repos/Automattic/jetpack-constants/zipball/0825fb1fa94956f26adebc01be0d716a0fd3ade0",
                "reference": "0825fb1fa94956f26adebc01be0d716a0fd3ade0",
                "shasum": ""
            },
            "require-dev": {
                "automattic/jetpack-changelogger": "^3.3.8",
                "brain/monkey": "2.6.1",
                "yoast/phpunit-polyfills": "1.1.0"
            },
            "suggest": {
                "automattic/jetpack-autoloader": "Allow for better interoperability with other plugins that use this package."
            },
            "type": "jetpack-library",
            "extra": {
                "autotagger": true,
                "mirror-repo": "Automattic/jetpack-constants",
                "branch-alias": {
                    "dev-trunk": "1.6.x-dev"
                },
                "changelogger": {
                    "link-template": "https://github.com/Automattic/jetpack-constants/compare/v${old}...v${new}"
                }
            },
            "autoload": {
                "classmap": [
                    "src/"
                ]
            },
            "notification-url": "https://packagist.org/downloads/",
            "license": [
                "GPL-2.0-or-later"
            ],
            "description": "A wrapper for defining constants in a more testable way.",
            "support": {
                "source": "https://github.com/Automattic/jetpack-constants/tree/v1.6.23"
            },
            "time": "2023-08-23T17:56:35+00:00"
        }
    ],
    "packages-dev": [],
    "aliases": [],
    "minimum-stability": "dev",
    "stability-flags": {},
    "prefer-stable": true,
    "prefer-lowest": false,
    "platform": {
        "php": ">=7.1"
    },
    "platform-dev": {},
    "platform-overrides": {
        "php": "7.1"
    },
    "plugin-api-version": "2.6.0"
}
